
Microsoft Visual Studio Solution File, Format Version 12.00
# Visual Studio Version 17
VisualStudioVersion = 17.7.34221.43
MinimumVisualStudioVersion = 10.0.40219.1
Project("{FAE04EC0-301F-11D3-BF4B-00C04F79EFBC}") = "prac1", "prac1\prac1.csproj", "{CCC06498-9E88-48E2-B96E-0032E68DD47E}"
EndProject
Global
	GlobalSection(SolutionConfigurationPlatforms) = preSolution
		Debug|Any CPU = Debug|Any CPU
		Release|Any CPU = Release|Any CPU
	EndGlobalSection
	GlobalSection(ProjectConfigurationPlatforms) = postSolution
		{CCC06498-9E88-48E2-B96E-0032E68DD47E}.Debug|Any CPU.ActiveCfg = Debug|Any CPU
		{CCC06498-9E88-48E2-B96E-0032E68DD47E}.Debug|Any CPU.Build.0 = Debug|Any CPU
		{CCC06498-9E88-48E2-B96E-0032E68DD47E}.Release|Any CPU.ActiveCfg = Release|Any CPU
		{CCC06498-9E88-48E2-B96E-0032E68DD47E}.Release|Any CPU.Build.0 = Release|Any CPU
	EndGlobalSection
	GlobalSection(SolutionProperties) = preSolution
		HideSolutionNode = FALSE
	EndGlobalSection
	GlobalSection(ExtensibilityGlobals) = postSolution
		SolutionGuid = {D1F9DD53-C9C0-4126-BD15-2B0763E94625}
	EndGlobalSection
EndGlobal
