
Microsoft Visual Studio Solution File, Format Version 12.00
# Visual Studio Version 17
VisualStudioVersion = 17.7.34202.233
MinimumVisualStudioVersion = 10.0.40219.1
Project("{FAE04EC0-301F-11D3-BF4B-00C04F79EFBC}") = "CustomHtmlHelper", "CustomHtmlHelper\CustomHtmlHelper.csproj", "{D9E0FA87-536D-4BD6-93B6-3AED18A75025}"
EndProject
Global
	GlobalSection(SolutionConfigurationPlatforms) = preSolution
		Debug|Any CPU = Debug|Any CPU
		Release|Any CPU = Release|Any CPU
	EndGlobalSection
	GlobalSection(ProjectConfigurationPlatforms) = postSolution
		{D9E0FA87-536D-4BD6-93B6-3AED18A75025}.Debug|Any CPU.ActiveCfg = Debug|Any CPU
		{D9E0FA87-536D-4BD6-93B6-3AED18A75025}.Debug|Any CPU.Build.0 = Debug|Any CPU
		{D9E0FA87-536D-4BD6-93B6-3AED18A75025}.Release|Any CPU.ActiveCfg = Release|Any CPU
		{D9E0FA87-536D-4BD6-93B6-3AED18A75025}.Release|Any CPU.Build.0 = Release|Any CPU
	EndGlobalSection
	GlobalSection(SolutionProperties) = preSolution
		HideSolutionNode = FALSE
	EndGlobalSection
	GlobalSection(ExtensibilityGlobals) = postSolution
		SolutionGuid = {982853F1-FC8A-4F77-BA33-81E977A2C202}
	EndGlobalSection
EndGlobal
