
Microsoft Visual Studio Solution File, Format Version 12.00
# Visual Studio Version 17
VisualStudioVersion = 17.7.34221.43
MinimumVisualStudioVersion = 10.0.40219.1
Project("{FAE04EC0-301F-11D3-BF4B-00C04F79EFBC}") = "JQueryInMVC", "JQueryInMVC\JQueryInMVC.csproj", "{2AAE9AAB-66CE-4F1A-90E3-88FA430EB7AB}"
EndProject
Global
	GlobalSection(SolutionConfigurationPlatforms) = preSolution
		Debug|Any CPU = Debug|Any CPU
		Release|Any CPU = Release|Any CPU
	EndGlobalSection
	GlobalSection(ProjectConfigurationPlatforms) = postSolution
		{2AAE9AAB-66CE-4F1A-90E3-88FA430EB7AB}.Debug|Any CPU.ActiveCfg = Debug|Any CPU
		{2AAE9AAB-66CE-4F1A-90E3-88FA430EB7AB}.Debug|Any CPU.Build.0 = Debug|Any CPU
		{2AAE9AAB-66CE-4F1A-90E3-88FA430EB7AB}.Release|Any CPU.ActiveCfg = Release|Any CPU
		{2AAE9AAB-66CE-4F1A-90E3-88FA430EB7AB}.Release|Any CPU.Build.0 = Release|Any CPU
	EndGlobalSection
	GlobalSection(SolutionProperties) = preSolution
		HideSolutionNode = FALSE
	EndGlobalSection
	GlobalSection(ExtensibilityGlobals) = postSolution
		SolutionGuid = {DFABAD13-1760-4128-B818-5F3CA6EA98DD}
	EndGlobalSection
EndGlobal
