
Microsoft Visual Studio Solution File, Format Version 12.00
# Visual Studio Version 17
VisualStudioVersion = 17.7.34221.43
MinimumVisualStudioVersion = 10.0.40219.1
Project("{FAE04EC0-301F-11D3-BF4B-00C04F79EFBC}") = "ConventionalRouting", "ConventionalRouting\ConventionalRouting.csproj", "{6BDEE33E-7790-4CBD-AE57-0CFDE3C1A60F}"
EndProject
Global
	GlobalSection(SolutionConfigurationPlatforms) = preSolution
		Debug|Any CPU = Debug|Any CPU
		Release|Any CPU = Release|Any CPU
	EndGlobalSection
	GlobalSection(ProjectConfigurationPlatforms) = postSolution
		{6BDEE33E-7790-4CBD-AE57-0CFDE3C1A60F}.Debug|Any CPU.ActiveCfg = Debug|Any CPU
		{6BDEE33E-7790-4CBD-AE57-0CFDE3C1A60F}.Debug|Any CPU.Build.0 = Debug|Any CPU
		{6BDEE33E-7790-4CBD-AE57-0CFDE3C1A60F}.Release|Any CPU.ActiveCfg = Release|Any CPU
		{6BDEE33E-7790-4CBD-AE57-0CFDE3C1A60F}.Release|Any CPU.Build.0 = Release|Any CPU
	EndGlobalSection
	GlobalSection(SolutionProperties) = preSolution
		HideSolutionNode = FALSE
	EndGlobalSection
	GlobalSection(ExtensibilityGlobals) = postSolution
		SolutionGuid = {3FE997E5-DA01-4D93-89BE-50F6ECBC0B56}
	EndGlobalSection
EndGlobal
