
Microsoft Visual Studio Solution File, Format Version 12.00
# Visual Studio Version 17
VisualStudioVersion = 17.7.34221.43
MinimumVisualStudioVersion = 10.0.40219.1
Project("{FAE04EC0-301F-11D3-BF4B-00C04F79EFBC}") = "OutputCache", "OutputCache\OutputCache.csproj", "{43C3DC08-B133-406A-A0F4-7631B75AA937}"
EndProject
Global
	GlobalSection(SolutionConfigurationPlatforms) = preSolution
		Debug|Any CPU = Debug|Any CPU
		Release|Any CPU = Release|Any CPU
	EndGlobalSection
	GlobalSection(ProjectConfigurationPlatforms) = postSolution
		{43C3DC08-B133-406A-A0F4-7631B75AA937}.Debug|Any CPU.ActiveCfg = Debug|Any CPU
		{43C3DC08-B133-406A-A0F4-7631B75AA937}.Debug|Any CPU.Build.0 = Debug|Any CPU
		{43C3DC08-B133-406A-A0F4-7631B75AA937}.Release|Any CPU.ActiveCfg = Release|Any CPU
		{43C3DC08-B133-406A-A0F4-7631B75AA937}.Release|Any CPU.Build.0 = Release|Any CPU
	EndGlobalSection
	GlobalSection(SolutionProperties) = preSolution
		HideSolutionNode = FALSE
	EndGlobalSection
	GlobalSection(ExtensibilityGlobals) = postSolution
		SolutionGuid = {0A811504-DD45-4677-83C6-A57253DD6904}
	EndGlobalSection
EndGlobal
